
Microsoft Visual Studio Solution File, Format Version 12.00
# Visual Studio Version 17
VisualStudioVersion = 17.0.31903.59
MinimumVisualStudioVersion = 10.0.40219.1
Project("{2150E333-8FDC-42A3-9474-1A3956D46DE8}") = "Presentation", "Presentation", "{C1C2016C-E82F-4CE8-AD33-9D996F1D6456}"
EndProject
Project("{FAE04EC0-301F-11D3-BF4B-00C04F79EFBC}") = "API", "Presentation\API\API.csproj", "{AF738936-D81B-493F-88DE-7A946A8CAF9C}"
EndProject
Global
	GlobalSection(SolutionConfigurationPlatforms) = preSolution
		Debug|Any CPU = Debug|Any CPU
		Release|Any CPU = Release|Any CPU
	EndGlobalSection
	GlobalSection(SolutionProperties) = preSolution
		HideSolutionNode = FALSE
	EndGlobalSection
	GlobalSection(ProjectConfigurationPlatforms) = postSolution
		{AF738936-D81B-493F-88DE-7A946A8CAF9C}.Debug|Any CPU.ActiveCfg = Debug|Any CPU
		{AF738936-D81B-493F-88DE-7A946A8CAF9C}.Debug|Any CPU.Build.0 = Debug|Any CPU
		{AF738936-D81B-493F-88DE-7A946A8CAF9C}.Release|Any CPU.ActiveCfg = Release|Any CPU
		{AF738936-D81B-493F-88DE-7A946A8CAF9C}.Release|Any CPU.Build.0 = Release|Any CPU
	EndGlobalSection
	GlobalSection(NestedProjects) = preSolution
		{AF738936-D81B-493F-88DE-7A946A8CAF9C} = {C1C2016C-E82F-4CE8-AD33-9D996F1D6456}
	EndGlobalSection
EndGlobal
